<?xml version="1.0" encoding="UTF-8" standalone="yes" ?>
<CodeBlocks_project_file>
   <FileVersion major="1" minor="6" />
   <Project>
      <Option title="TrackingStereo" />
      <Option makefile_is_custom="1" />
      <Option compiler="gcc" />
      <Option virtualFolders="CMake Files\;CMake Files\..\;CMake Files\..\..\;CMake Files\..\..\..\;CMake Files\..\..\..\..\;CMake Files\..\..\..\..\..\;CMake Files\..\..\..\..\..\..\;CMake Files\..\..\..\..\..\..\usr\;CMake Files\..\..\..\..\..\..\usr\local\;CMake Files\..\..\..\..\..\..\usr\local\share\;CMake Files\..\..\..\..\..\..\usr\local\share\OpenCV\;" />
      <Build>
      <Target title="all">
         <Option working_dir="/home/moh/Desktop/Thesis/Task1/Stereo-Tracking" />
         <Option type="4" />
         <MakeCommands>
            <Build command="/usr/bin/make -f &quot;/home/moh/Desktop/Thesis/Task1/Stereo-Tracking/Makefile&quot;  VERBOSE=1 all" />
            <CompileFile command="/usr/bin/make -f &quot;/home/moh/Desktop/Thesis/Task1/Stereo-Tracking/Makefile&quot;  VERBOSE=1 &quot;$file&quot;" />
            <Clean command="/usr/bin/make -f &quot;/home/moh/Desktop/Thesis/Task1/Stereo-Tracking/Makefile&quot;  VERBOSE=1 clean" />
            <DistClean command="/usr/bin/make -f &quot;/home/moh/Desktop/Thesis/Task1/Stereo-Tracking/Makefile&quot;  VERBOSE=1 clean" />
         </MakeCommands>
      </Target>
      <Target title="edit_cache">
         <Option working_dir="/home/moh/Desktop/Thesis/Task1/Stereo-Tracking" />
         <Option type="4" />
         <MakeCommands>
            <Build command="/usr/bin/make -f &quot;/home/moh/Desktop/Thesis/Task1/Stereo-Tracking/Makefile&quot;  VERBOSE=1 edit_cache" />
            <CompileFile command="/usr/bin/make -f &quot;/home/moh/Desktop/Thesis/Task1/Stereo-Tracking/Makefile&quot;  VERBOSE=1 &quot;$file&quot;" />
            <Clean command="/usr/bin/make -f &quot;/home/moh/Desktop/Thesis/Task1/Stereo-Tracking/Makefile&quot;  VERBOSE=1 clean" />
            <DistClean command="/usr/bin/make -f &quot;/home/moh/Desktop/Thesis/Task1/Stereo-Tracking/Makefile&quot;  VERBOSE=1 clean" />
         </MakeCommands>
      </Target>
      <Target title="rebuild_cache">
         <Option working_dir="/home/moh/Desktop/Thesis/Task1/Stereo-Tracking" />
         <Option type="4" />
         <MakeCommands>
            <Build command="/usr/bin/make -f &quot;/home/moh/Desktop/Thesis/Task1/Stereo-Tracking/Makefile&quot;  VERBOSE=1 rebuild_cache" />
            <CompileFile command="/usr/bin/make -f &quot;/home/moh/Desktop/Thesis/Task1/Stereo-Tracking/Makefile&quot;  VERBOSE=1 &quot;$file&quot;" />
            <Clean command="/usr/bin/make -f &quot;/home/moh/Desktop/Thesis/Task1/Stereo-Tracking/Makefile&quot;  VERBOSE=1 clean" />
            <DistClean command="/usr/bin/make -f &quot;/home/moh/Desktop/Thesis/Task1/Stereo-Tracking/Makefile&quot;  VERBOSE=1 clean" />
         </MakeCommands>
      </Target>
      <Target title="read">
         <Option output="/home/moh/Desktop/Thesis/Task1/Stereo-Tracking/read" prefix_auto="0" extension_auto="0" />
         <Option working_dir="/home/moh/Desktop/Thesis/Task1/Stereo-Tracking" />
         <Option object_output="./" />
         <Option type="1" />
         <Option compiler="gcc" />
         <Compiler>
            <Add directory="/home/moh/Desktop/Thesis/Task1/Stereo-Tracking" />
            <Add directory="/home/moh/Desktop/Thesis/Task1/Stereo-Tracking/$(OpenCV_INCLUDE_DIRS)" />
            <Add directory="/home/moh/Desktop/Thesis/Task1/Stereo-Tracking/include" />
            <Add directory="/usr/local/include" />
            <Add directory="/usr/local/include/opencv" />
         </Compiler>
         <MakeCommands>
            <Build command="/usr/bin/make -f &quot;/home/moh/Desktop/Thesis/Task1/Stereo-Tracking/Makefile&quot;  VERBOSE=1 read" />
            <CompileFile command="/usr/bin/make -f &quot;/home/moh/Desktop/Thesis/Task1/Stereo-Tracking/Makefile&quot;  VERBOSE=1 &quot;$file&quot;" />
            <Clean command="/usr/bin/make -f &quot;/home/moh/Desktop/Thesis/Task1/Stereo-Tracking/Makefile&quot;  VERBOSE=1 clean" />
            <DistClean command="/usr/bin/make -f &quot;/home/moh/Desktop/Thesis/Task1/Stereo-Tracking/Makefile&quot;  VERBOSE=1 clean" />
         </MakeCommands>
      </Target>
      <Target title="read/fast">
         <Option output="/home/moh/Desktop/Thesis/Task1/Stereo-Tracking/read" prefix_auto="0" extension_auto="0" />
         <Option working_dir="/home/moh/Desktop/Thesis/Task1/Stereo-Tracking" />
         <Option object_output="./" />
         <Option type="1" />
         <Option compiler="gcc" />
         <Compiler>
            <Add directory="/home/moh/Desktop/Thesis/Task1/Stereo-Tracking" />
            <Add directory="/home/moh/Desktop/Thesis/Task1/Stereo-Tracking/$(OpenCV_INCLUDE_DIRS)" />
            <Add directory="/home/moh/Desktop/Thesis/Task1/Stereo-Tracking/include" />
            <Add directory="/usr/local/include" />
            <Add directory="/usr/local/include/opencv" />
         </Compiler>
         <MakeCommands>
            <Build command="/usr/bin/make -f &quot;/home/moh/Desktop/Thesis/Task1/Stereo-Tracking/Makefile&quot;  VERBOSE=1 read/fast" />
            <CompileFile command="/usr/bin/make -f &quot;/home/moh/Desktop/Thesis/Task1/Stereo-Tracking/Makefile&quot;  VERBOSE=1 &quot;$file&quot;" />
            <Clean command="/usr/bin/make -f &quot;/home/moh/Desktop/Thesis/Task1/Stereo-Tracking/Makefile&quot;  VERBOSE=1 clean" />
            <DistClean command="/usr/bin/make -f &quot;/home/moh/Desktop/Thesis/Task1/Stereo-Tracking/Makefile&quot;  VERBOSE=1 clean" />
         </MakeCommands>
      </Target>
      <Target title="detection">
         <Option output="/home/moh/Desktop/Thesis/Task1/Stereo-Tracking/detection" prefix_auto="0" extension_auto="0" />
         <Option working_dir="/home/moh/Desktop/Thesis/Task1/Stereo-Tracking" />
         <Option object_output="./" />
         <Option type="1" />
         <Option compiler="gcc" />
         <Compiler>
            <Add directory="/home/moh/Desktop/Thesis/Task1/Stereo-Tracking" />
            <Add directory="/home/moh/Desktop/Thesis/Task1/Stereo-Tracking/$(OpenCV_INCLUDE_DIRS)" />
            <Add directory="/home/moh/Desktop/Thesis/Task1/Stereo-Tracking/include" />
            <Add directory="/usr/local/include" />
            <Add directory="/usr/local/include/opencv" />
         </Compiler>
         <MakeCommands>
            <Build command="/usr/bin/make -f &quot;/home/moh/Desktop/Thesis/Task1/Stereo-Tracking/Makefile&quot;  VERBOSE=1 detection" />
            <CompileFile command="/usr/bin/make -f &quot;/home/moh/Desktop/Thesis/Task1/Stereo-Tracking/Makefile&quot;  VERBOSE=1 &quot;$file&quot;" />
            <Clean command="/usr/bin/make -f &quot;/home/moh/Desktop/Thesis/Task1/Stereo-Tracking/Makefile&quot;  VERBOSE=1 clean" />
            <DistClean command="/usr/bin/make -f &quot;/home/moh/Desktop/Thesis/Task1/Stereo-Tracking/Makefile&quot;  VERBOSE=1 clean" />
         </MakeCommands>
      </Target>
      <Target title="detection/fast">
         <Option output="/home/moh/Desktop/Thesis/Task1/Stereo-Tracking/detection" prefix_auto="0" extension_auto="0" />
         <Option working_dir="/home/moh/Desktop/Thesis/Task1/Stereo-Tracking" />
         <Option object_output="./" />
         <Option type="1" />
         <Option compiler="gcc" />
         <Compiler>
            <Add directory="/home/moh/Desktop/Thesis/Task1/Stereo-Tracking" />
            <Add directory="/home/moh/Desktop/Thesis/Task1/Stereo-Tracking/$(OpenCV_INCLUDE_DIRS)" />
            <Add directory="/home/moh/Desktop/Thesis/Task1/Stereo-Tracking/include" />
            <Add directory="/usr/local/include" />
            <Add directory="/usr/local/include/opencv" />
         </Compiler>
         <MakeCommands>
            <Build command="/usr/bin/make -f &quot;/home/moh/Desktop/Thesis/Task1/Stereo-Tracking/Makefile&quot;  VERBOSE=1 detection/fast" />
            <CompileFile command="/usr/bin/make -f &quot;/home/moh/Desktop/Thesis/Task1/Stereo-Tracking/Makefile&quot;  VERBOSE=1 &quot;$file&quot;" />
            <Clean command="/usr/bin/make -f &quot;/home/moh/Desktop/Thesis/Task1/Stereo-Tracking/Makefile&quot;  VERBOSE=1 clean" />
            <DistClean command="/usr/bin/make -f &quot;/home/moh/Desktop/Thesis/Task1/Stereo-Tracking/Makefile&quot;  VERBOSE=1 clean" />
         </MakeCommands>
      </Target>
      <Target title="calibrate">
         <Option output="/home/moh/Desktop/Thesis/Task1/Stereo-Tracking/calibrate" prefix_auto="0" extension_auto="0" />
         <Option working_dir="/home/moh/Desktop/Thesis/Task1/Stereo-Tracking" />
         <Option object_output="./" />
         <Option type="1" />
         <Option compiler="gcc" />
         <Compiler>
            <Add directory="/home/moh/Desktop/Thesis/Task1/Stereo-Tracking" />
            <Add directory="/home/moh/Desktop/Thesis/Task1/Stereo-Tracking/$(OpenCV_INCLUDE_DIRS)" />
            <Add directory="/home/moh/Desktop/Thesis/Task1/Stereo-Tracking/include" />
            <Add directory="/usr/local/include" />
            <Add directory="/usr/local/include/opencv" />
         </Compiler>
         <MakeCommands>
            <Build command="/usr/bin/make -f &quot;/home/moh/Desktop/Thesis/Task1/Stereo-Tracking/Makefile&quot;  VERBOSE=1 calibrate" />
            <CompileFile command="/usr/bin/make -f &quot;/home/moh/Desktop/Thesis/Task1/Stereo-Tracking/Makefile&quot;  VERBOSE=1 &quot;$file&quot;" />
            <Clean command="/usr/bin/make -f &quot;/home/moh/Desktop/Thesis/Task1/Stereo-Tracking/Makefile&quot;  VERBOSE=1 clean" />
            <DistClean command="/usr/bin/make -f &quot;/home/moh/Desktop/Thesis/Task1/Stereo-Tracking/Makefile&quot;  VERBOSE=1 clean" />
         </MakeCommands>
      </Target>
      <Target title="calibrate/fast">
         <Option output="/home/moh/Desktop/Thesis/Task1/Stereo-Tracking/calibrate" prefix_auto="0" extension_auto="0" />
         <Option working_dir="/home/moh/Desktop/Thesis/Task1/Stereo-Tracking" />
         <Option object_output="./" />
         <Option type="1" />
         <Option compiler="gcc" />
         <Compiler>
            <Add directory="/home/moh/Desktop/Thesis/Task1/Stereo-Tracking" />
            <Add directory="/home/moh/Desktop/Thesis/Task1/Stereo-Tracking/$(OpenCV_INCLUDE_DIRS)" />
            <Add directory="/home/moh/Desktop/Thesis/Task1/Stereo-Tracking/include" />
            <Add directory="/usr/local/include" />
            <Add directory="/usr/local/include/opencv" />
         </Compiler>
         <MakeCommands>
            <Build command="/usr/bin/make -f &quot;/home/moh/Desktop/Thesis/Task1/Stereo-Tracking/Makefile&quot;  VERBOSE=1 calibrate/fast" />
            <CompileFile command="/usr/bin/make -f &quot;/home/moh/Desktop/Thesis/Task1/Stereo-Tracking/Makefile&quot;  VERBOSE=1 &quot;$file&quot;" />
            <Clean command="/usr/bin/make -f &quot;/home/moh/Desktop/Thesis/Task1/Stereo-Tracking/Makefile&quot;  VERBOSE=1 clean" />
            <DistClean command="/usr/bin/make -f &quot;/home/moh/Desktop/Thesis/Task1/Stereo-Tracking/Makefile&quot;  VERBOSE=1 clean" />
         </MakeCommands>
      </Target>
      <Target title="calibrate_stereo">
         <Option output="/home/moh/Desktop/Thesis/Task1/Stereo-Tracking/calibrate_stereo" prefix_auto="0" extension_auto="0" />
         <Option working_dir="/home/moh/Desktop/Thesis/Task1/Stereo-Tracking" />
         <Option object_output="./" />
         <Option type="1" />
         <Option compiler="gcc" />
         <Compiler>
            <Add directory="/home/moh/Desktop/Thesis/Task1/Stereo-Tracking" />
            <Add directory="/home/moh/Desktop/Thesis/Task1/Stereo-Tracking/$(OpenCV_INCLUDE_DIRS)" />
            <Add directory="/home/moh/Desktop/Thesis/Task1/Stereo-Tracking/include" />
            <Add directory="/usr/local/include" />
            <Add directory="/usr/local/include/opencv" />
         </Compiler>
         <MakeCommands>
            <Build command="/usr/bin/make -f &quot;/home/moh/Desktop/Thesis/Task1/Stereo-Tracking/Makefile&quot;  VERBOSE=1 calibrate_stereo" />
            <CompileFile command="/usr/bin/make -f &quot;/home/moh/Desktop/Thesis/Task1/Stereo-Tracking/Makefile&quot;  VERBOSE=1 &quot;$file&quot;" />
            <Clean command="/usr/bin/make -f &quot;/home/moh/Desktop/Thesis/Task1/Stereo-Tracking/Makefile&quot;  VERBOSE=1 clean" />
            <DistClean command="/usr/bin/make -f &quot;/home/moh/Desktop/Thesis/Task1/Stereo-Tracking/Makefile&quot;  VERBOSE=1 clean" />
         </MakeCommands>
      </Target>
      <Target title="calibrate_stereo/fast">
         <Option output="/home/moh/Desktop/Thesis/Task1/Stereo-Tracking/calibrate_stereo" prefix_auto="0" extension_auto="0" />
         <Option working_dir="/home/moh/Desktop/Thesis/Task1/Stereo-Tracking" />
         <Option object_output="./" />
         <Option type="1" />
         <Option compiler="gcc" />
         <Compiler>
            <Add directory="/home/moh/Desktop/Thesis/Task1/Stereo-Tracking" />
            <Add directory="/home/moh/Desktop/Thesis/Task1/Stereo-Tracking/$(OpenCV_INCLUDE_DIRS)" />
            <Add directory="/home/moh/Desktop/Thesis/Task1/Stereo-Tracking/include" />
            <Add directory="/usr/local/include" />
            <Add directory="/usr/local/include/opencv" />
         </Compiler>
         <MakeCommands>
            <Build command="/usr/bin/make -f &quot;/home/moh/Desktop/Thesis/Task1/Stereo-Tracking/Makefile&quot;  VERBOSE=1 calibrate_stereo/fast" />
            <CompileFile command="/usr/bin/make -f &quot;/home/moh/Desktop/Thesis/Task1/Stereo-Tracking/Makefile&quot;  VERBOSE=1 &quot;$file&quot;" />
            <Clean command="/usr/bin/make -f &quot;/home/moh/Desktop/Thesis/Task1/Stereo-Tracking/Makefile&quot;  VERBOSE=1 clean" />
            <DistClean command="/usr/bin/make -f &quot;/home/moh/Desktop/Thesis/Task1/Stereo-Tracking/Makefile&quot;  VERBOSE=1 clean" />
         </MakeCommands>
      </Target>
      <Target title="matching">
         <Option output="/home/moh/Desktop/Thesis/Task1/Stereo-Tracking/matching" prefix_auto="0" extension_auto="0" />
         <Option working_dir="/home/moh/Desktop/Thesis/Task1/Stereo-Tracking" />
         <Option object_output="./" />
         <Option type="1" />
         <Option compiler="gcc" />
         <Compiler>
            <Add directory="/home/moh/Desktop/Thesis/Task1/Stereo-Tracking" />
            <Add directory="/home/moh/Desktop/Thesis/Task1/Stereo-Tracking/$(OpenCV_INCLUDE_DIRS)" />
            <Add directory="/home/moh/Desktop/Thesis/Task1/Stereo-Tracking/include" />
            <Add directory="/usr/local/include" />
            <Add directory="/usr/local/include/opencv" />
         </Compiler>
         <MakeCommands>
            <Build command="/usr/bin/make -f &quot;/home/moh/Desktop/Thesis/Task1/Stereo-Tracking/Makefile&quot;  VERBOSE=1 matching" />
            <CompileFile command="/usr/bin/make -f &quot;/home/moh/Desktop/Thesis/Task1/Stereo-Tracking/Makefile&quot;  VERBOSE=1 &quot;$file&quot;" />
            <Clean command="/usr/bin/make -f &quot;/home/moh/Desktop/Thesis/Task1/Stereo-Tracking/Makefile&quot;  VERBOSE=1 clean" />
            <DistClean command="/usr/bin/make -f &quot;/home/moh/Desktop/Thesis/Task1/Stereo-Tracking/Makefile&quot;  VERBOSE=1 clean" />
         </MakeCommands>
      </Target>
      <Target title="matching/fast">
         <Option output="/home/moh/Desktop/Thesis/Task1/Stereo-Tracking/matching" prefix_auto="0" extension_auto="0" />
         <Option working_dir="/home/moh/Desktop/Thesis/Task1/Stereo-Tracking" />
         <Option object_output="./" />
         <Option type="1" />
         <Option compiler="gcc" />
         <Compiler>
            <Add directory="/home/moh/Desktop/Thesis/Task1/Stereo-Tracking" />
            <Add directory="/home/moh/Desktop/Thesis/Task1/Stereo-Tracking/$(OpenCV_INCLUDE_DIRS)" />
            <Add directory="/home/moh/Desktop/Thesis/Task1/Stereo-Tracking/include" />
            <Add directory="/usr/local/include" />
            <Add directory="/usr/local/include/opencv" />
         </Compiler>
         <MakeCommands>
            <Build command="/usr/bin/make -f &quot;/home/moh/Desktop/Thesis/Task1/Stereo-Tracking/Makefile&quot;  VERBOSE=1 matching/fast" />
            <CompileFile command="/usr/bin/make -f &quot;/home/moh/Desktop/Thesis/Task1/Stereo-Tracking/Makefile&quot;  VERBOSE=1 &quot;$file&quot;" />
            <Clean command="/usr/bin/make -f &quot;/home/moh/Desktop/Thesis/Task1/Stereo-Tracking/Makefile&quot;  VERBOSE=1 clean" />
            <DistClean command="/usr/bin/make -f &quot;/home/moh/Desktop/Thesis/Task1/Stereo-Tracking/Makefile&quot;  VERBOSE=1 clean" />
         </MakeCommands>
      </Target>
      <Target title="undistort_rectify">
         <Option output="/home/moh/Desktop/Thesis/Task1/Stereo-Tracking/undistort_rectify" prefix_auto="0" extension_auto="0" />
         <Option working_dir="/home/moh/Desktop/Thesis/Task1/Stereo-Tracking" />
         <Option object_output="./" />
         <Option type="1" />
         <Option compiler="gcc" />
         <Compiler>
            <Add directory="/home/moh/Desktop/Thesis/Task1/Stereo-Tracking" />
            <Add directory="/home/moh/Desktop/Thesis/Task1/Stereo-Tracking/$(OpenCV_INCLUDE_DIRS)" />
            <Add directory="/home/moh/Desktop/Thesis/Task1/Stereo-Tracking/include" />
            <Add directory="/usr/local/include" />
            <Add directory="/usr/local/include/opencv" />
         </Compiler>
         <MakeCommands>
            <Build command="/usr/bin/make -f &quot;/home/moh/Desktop/Thesis/Task1/Stereo-Tracking/Makefile&quot;  VERBOSE=1 undistort_rectify" />
            <CompileFile command="/usr/bin/make -f &quot;/home/moh/Desktop/Thesis/Task1/Stereo-Tracking/Makefile&quot;  VERBOSE=1 &quot;$file&quot;" />
            <Clean command="/usr/bin/make -f &quot;/home/moh/Desktop/Thesis/Task1/Stereo-Tracking/Makefile&quot;  VERBOSE=1 clean" />
            <DistClean command="/usr/bin/make -f &quot;/home/moh/Desktop/Thesis/Task1/Stereo-Tracking/Makefile&quot;  VERBOSE=1 clean" />
         </MakeCommands>
      </Target>
      <Target title="undistort_rectify/fast">
         <Option output="/home/moh/Desktop/Thesis/Task1/Stereo-Tracking/undistort_rectify" prefix_auto="0" extension_auto="0" />
         <Option working_dir="/home/moh/Desktop/Thesis/Task1/Stereo-Tracking" />
         <Option object_output="./" />
         <Option type="1" />
         <Option compiler="gcc" />
         <Compiler>
            <Add directory="/home/moh/Desktop/Thesis/Task1/Stereo-Tracking" />
            <Add directory="/home/moh/Desktop/Thesis/Task1/Stereo-Tracking/$(OpenCV_INCLUDE_DIRS)" />
            <Add directory="/home/moh/Desktop/Thesis/Task1/Stereo-Tracking/include" />
            <Add directory="/usr/local/include" />
            <Add directory="/usr/local/include/opencv" />
         </Compiler>
         <MakeCommands>
            <Build command="/usr/bin/make -f &quot;/home/moh/Desktop/Thesis/Task1/Stereo-Tracking/Makefile&quot;  VERBOSE=1 undistort_rectify/fast" />
            <CompileFile command="/usr/bin/make -f &quot;/home/moh/Desktop/Thesis/Task1/Stereo-Tracking/Makefile&quot;  VERBOSE=1 &quot;$file&quot;" />
            <Clean command="/usr/bin/make -f &quot;/home/moh/Desktop/Thesis/Task1/Stereo-Tracking/Makefile&quot;  VERBOSE=1 clean" />
            <DistClean command="/usr/bin/make -f &quot;/home/moh/Desktop/Thesis/Task1/Stereo-Tracking/Makefile&quot;  VERBOSE=1 clean" />
         </MakeCommands>
      </Target>
      <Target title="main">
         <Option output="/home/moh/Desktop/Thesis/Task1/Stereo-Tracking/main" prefix_auto="0" extension_auto="0" />
         <Option working_dir="/home/moh/Desktop/Thesis/Task1/Stereo-Tracking" />
         <Option object_output="./" />
         <Option type="1" />
         <Option compiler="gcc" />
         <Compiler>
            <Add directory="/home/moh/Desktop/Thesis/Task1/Stereo-Tracking" />
            <Add directory="/home/moh/Desktop/Thesis/Task1/Stereo-Tracking/$(OpenCV_INCLUDE_DIRS)" />
            <Add directory="/home/moh/Desktop/Thesis/Task1/Stereo-Tracking/include" />
            <Add directory="/usr/include/python2.7" />
            <Add directory="/usr/local/include" />
            <Add directory="/usr/local/include/opencv" />
         </Compiler>
         <MakeCommands>
            <Build command="/usr/bin/make -f &quot;/home/moh/Desktop/Thesis/Task1/Stereo-Tracking/Makefile&quot;  VERBOSE=1 main" />
            <CompileFile command="/usr/bin/make -f &quot;/home/moh/Desktop/Thesis/Task1/Stereo-Tracking/Makefile&quot;  VERBOSE=1 &quot;$file&quot;" />
            <Clean command="/usr/bin/make -f &quot;/home/moh/Desktop/Thesis/Task1/Stereo-Tracking/Makefile&quot;  VERBOSE=1 clean" />
            <DistClean command="/usr/bin/make -f &quot;/home/moh/Desktop/Thesis/Task1/Stereo-Tracking/Makefile&quot;  VERBOSE=1 clean" />
         </MakeCommands>
      </Target>
      <Target title="main/fast">
         <Option output="/home/moh/Desktop/Thesis/Task1/Stereo-Tracking/main" prefix_auto="0" extension_auto="0" />
         <Option working_dir="/home/moh/Desktop/Thesis/Task1/Stereo-Tracking" />
         <Option object_output="./" />
         <Option type="1" />
         <Option compiler="gcc" />
         <Compiler>
            <Add directory="/home/moh/Desktop/Thesis/Task1/Stereo-Tracking" />
            <Add directory="/home/moh/Desktop/Thesis/Task1/Stereo-Tracking/$(OpenCV_INCLUDE_DIRS)" />
            <Add directory="/home/moh/Desktop/Thesis/Task1/Stereo-Tracking/include" />
            <Add directory="/usr/include/python2.7" />
            <Add directory="/usr/local/include" />
            <Add directory="/usr/local/include/opencv" />
         </Compiler>
         <MakeCommands>
            <Build command="/usr/bin/make -f &quot;/home/moh/Desktop/Thesis/Task1/Stereo-Tracking/Makefile&quot;  VERBOSE=1 main/fast" />
            <CompileFile command="/usr/bin/make -f &quot;/home/moh/Desktop/Thesis/Task1/Stereo-Tracking/Makefile&quot;  VERBOSE=1 &quot;$file&quot;" />
            <Clean command="/usr/bin/make -f &quot;/home/moh/Desktop/Thesis/Task1/Stereo-Tracking/Makefile&quot;  VERBOSE=1 clean" />
            <DistClean command="/usr/bin/make -f &quot;/home/moh/Desktop/Thesis/Task1/Stereo-Tracking/Makefile&quot;  VERBOSE=1 clean" />
         </MakeCommands>
      </Target>
      </Build>
      <Unit filename="/home/moh/Desktop/Thesis/Task1/Stereo-Tracking/include/Ball.h">
         <Option target="detection"/>
         <Option target="calibrate_stereo"/>
         <Option target="matching"/>
         <Option target="undistort_rectify"/>
         <Option target="main"/>
      </Unit>
      <Unit filename="/home/moh/Desktop/Thesis/Task1/Stereo-Tracking/include/Constants.h">
         <Option target="detection"/>
         <Option target="matching"/>
         <Option target="main"/>
      </Unit>
      <Unit filename="/home/moh/Desktop/Thesis/Task1/Stereo-Tracking/include/LED.h">
         <Option target="main"/>
      </Unit>
      <Unit filename="/home/moh/Desktop/Thesis/Task1/Stereo-Tracking/include/StereoMatching.h">
         <Option target="detection"/>
         <Option target="matching"/>
         <Option target="main"/>
      </Unit>
      <Unit filename="/home/moh/Desktop/Thesis/Task1/Stereo-Tracking/include/matplotlibcpp.h">
         <Option target="main"/>
      </Unit>
      <Unit filename="/home/moh/Desktop/Thesis/Task1/Stereo-Tracking/include/popt_pp.h">
         <Option target="calibrate"/>
      </Unit>
      <Unit filename="/home/moh/Desktop/Thesis/Task1/Stereo-Tracking/src/Ball.cpp">
         <Option target="detection"/>
         <Option target="matching"/>
         <Option target="undistort_rectify"/>
         <Option target="main"/>
      </Unit>
      <Unit filename="/home/moh/Desktop/Thesis/Task1/Stereo-Tracking/src/LED.cpp">
         <Option target="main"/>
      </Unit>
      <Unit filename="/home/moh/Desktop/Thesis/Task1/Stereo-Tracking/src/LEDDetection.cpp">
         <Option target="detection"/>
      </Unit>
      <Unit filename="/home/moh/Desktop/Thesis/Task1/Stereo-Tracking/src/StereoMatching.cpp">
         <Option target="detection"/>
         <Option target="matching"/>
         <Option target="main"/>
      </Unit>
      <Unit filename="/home/moh/Desktop/Thesis/Task1/Stereo-Tracking/src/calib_single.cpp">
         <Option target="calibrate"/>
      </Unit>
      <Unit filename="/home/moh/Desktop/Thesis/Task1/Stereo-Tracking/src/calib_stereo.cpp">
         <Option target="calibrate_stereo"/>
      </Unit>
      <Unit filename="/home/moh/Desktop/Thesis/Task1/Stereo-Tracking/src/main.cpp">
         <Option target="main"/>
      </Unit>
      <Unit filename="/home/moh/Desktop/Thesis/Task1/Stereo-Tracking/src/read_images.cpp">
         <Option target="read"/>
      </Unit>
      <Unit filename="/home/moh/Desktop/Thesis/Task1/Stereo-Tracking/src/stereo_matching.cpp">
         <Option target="matching"/>
      </Unit>
      <Unit filename="/home/moh/Desktop/Thesis/Task1/Stereo-Tracking/src/undistort_rectify.cpp">
         <Option target="undistort_rectify"/>
      </Unit>
      <Unit filename="/home/moh/Desktop/Thesis/Task1/Stereo-Tracking/CMakeLists.txt">
          <Option virtualFolder="CMake Files\" />
      </Unit>
      <Unit filename="/home/moh/Desktop/Thesis/Task1/Stereo-Tracking/../../../../../../usr/local/share/OpenCV/OpenCVConfig-version.cmake">
          <Option virtualFolder="CMake Files\..\..\..\..\..\..\usr\local\share\OpenCV\" />
      </Unit>
      <Unit filename="/home/moh/Desktop/Thesis/Task1/Stereo-Tracking/../../../../../../usr/local/share/OpenCV/OpenCVConfig.cmake">
          <Option virtualFolder="CMake Files\..\..\..\..\..\..\usr\local\share\OpenCV\" />
      </Unit>
      <Unit filename="/home/moh/Desktop/Thesis/Task1/Stereo-Tracking/../../../../../../usr/local/share/OpenCV/OpenCVModules.cmake">
          <Option virtualFolder="CMake Files\..\..\..\..\..\..\usr\local\share\OpenCV\" />
      </Unit>
      <Unit filename="/home/moh/Desktop/Thesis/Task1/Stereo-Tracking/../../../../../../usr/local/share/OpenCV/OpenCVModules-release.cmake">
          <Option virtualFolder="CMake Files\..\..\..\..\..\..\usr\local\share\OpenCV\" />
      </Unit>
   </Project>
</CodeBlocks_project_file>
